
Microsoft Visual Studio Solution File, Format Version 12.00
# Visual Studio 2013
VisualStudioVersion = 12.0.21005.1
MinimumVisualStudioVersion = 10.0.40219.1
Project("{FAE04EC0-301F-11D3-BF4B-00C04F79EFBC}") = "wdt-assignment", "wdt-assignment\wdt-assignment.csproj", "{982E6605-BB13-4E0A-8DAF-109F72B32CD7}"
EndProject
Project("{FAE04EC0-301F-11D3-BF4B-00C04F79EFBC}") = "wdt-assignment.Tests", "wdt-assignment.Tests\wdt-assignment.Tests.csproj", "{E55D3FB4-5583-40A8-B746-C7D26E0551A9}"
EndProject
Global
	GlobalSection(SolutionConfigurationPlatforms) = preSolution
		Debug|Any CPU = Debug|Any CPU
		Release|Any CPU = Release|Any CPU
	EndGlobalSection
	GlobalSection(ProjectConfigurationPlatforms) = postSolution
		{982E6605-BB13-4E0A-8DAF-109F72B32CD7}.Debug|Any CPU.ActiveCfg = Debug|Any CPU
		{982E6605-BB13-4E0A-8DAF-109F72B32CD7}.Debug|Any CPU.Build.0 = Debug|Any CPU
		{982E6605-BB13-4E0A-8DAF-109F72B32CD7}.Release|Any CPU.ActiveCfg = Release|Any CPU
		{982E6605-BB13-4E0A-8DAF-109F72B32CD7}.Release|Any CPU.Build.0 = Release|Any CPU
		{E55D3FB4-5583-40A8-B746-C7D26E0551A9}.Debug|Any CPU.ActiveCfg = Debug|Any CPU
		{E55D3FB4-5583-40A8-B746-C7D26E0551A9}.Debug|Any CPU.Build.0 = Debug|Any CPU
		{E55D3FB4-5583-40A8-B746-C7D26E0551A9}.Release|Any CPU.ActiveCfg = Release|Any CPU
		{E55D3FB4-5583-40A8-B746-C7D26E0551A9}.Release|Any CPU.Build.0 = Release|Any CPU
	EndGlobalSection
	GlobalSection(SolutionProperties) = preSolution
		HideSolutionNode = FALSE
	EndGlobalSection
EndGlobal
